
Microsoft Visual Studio Solution File, Format Version 12.00
# Visual Studio Version 17
VisualStudioVersion = 17.1.32228.430
MinimumVisualStudioVersion = 10.0.40219.1
Project("{FAE04EC0-301F-11D3-BF4B-00C04F79EFBC}") = "Imato.Api.Result", "Imato.Api.Result\Imato.Api.Result.csproj", "{5708FD0E-C45B-4FC4-925E-E6FD058E5172}"
EndProject
Global
	GlobalSection(SolutionConfigurationPlatforms) = preSolution
		Debug|Any CPU = Debug|Any CPU
		Release|Any CPU = Release|Any CPU
	EndGlobalSection
	GlobalSection(ProjectConfigurationPlatforms) = postSolution
		{5708FD0E-C45B-4FC4-925E-E6FD058E5172}.Debug|Any CPU.ActiveCfg = Debug|Any CPU
		{5708FD0E-C45B-4FC4-925E-E6FD058E5172}.Debug|Any CPU.Build.0 = Debug|Any CPU
		{5708FD0E-C45B-4FC4-925E-E6FD058E5172}.Release|Any CPU.ActiveCfg = Release|Any CPU
		{5708FD0E-C45B-4FC4-925E-E6FD058E5172}.Release|Any CPU.Build.0 = Release|Any CPU
	EndGlobalSection
	GlobalSection(SolutionProperties) = preSolution
		HideSolutionNode = FALSE
	EndGlobalSection
	GlobalSection(ExtensibilityGlobals) = postSolution
		SolutionGuid = {CDC198BB-B564-441E-9CAE-3438902E7ADC}
	EndGlobalSection
EndGlobal
